
Microsoft Visual Studio Solution File, Format Version 12.00
# Visual Studio 15
Project("{FAE04EC0-301F-11D3-BF4B-00C04F79EFBC}") = "FNO.Android", "FNO.Android\FNO.Android.csproj", "{A471789E-970F-450E-9FE3-E9FD3C2233F4}"
EndProject
Project("{FAE04EC0-301F-11D3-BF4B-00C04F79EFBC}") = "FNO.iOS", "FNO.iOS\FNO.iOS.csproj", "{B4456DF6-6292-401A-BAE9-4A52C307CEE9}"
EndProject
Project("{FAE04EC0-301F-11D3-BF4B-00C04F79EFBC}") = "FNO", "FNO\FNO.csproj", "{B0D5AF02-8BAB-4426-8770-21F0FF860FD0}"
EndProject
Global
	GlobalSection(SolutionConfigurationPlatforms) = preSolution
		Debug|Any CPU = Debug|Any CPU
		Release|Any CPU = Release|Any CPU
		Debug|iPhoneSimulator = Debug|iPhoneSimulator
		Release|iPhoneSimulator = Release|iPhoneSimulator
		Debug|iPhone = Debug|iPhone
		Release|iPhone = Release|iPhone
		Ad-Hoc|iPhone = Ad-Hoc|iPhone
		AppStore|iPhone = AppStore|iPhone
	EndGlobalSection
	GlobalSection(ProjectConfigurationPlatforms) = postSolution
		{A471789E-970F-450E-9FE3-E9FD3C2233F4}.Debug|Any CPU.ActiveCfg = Debug|Any CPU
		{A471789E-970F-450E-9FE3-E9FD3C2233F4}.Debug|Any CPU.Build.0 = Debug|Any CPU
		{A471789E-970F-450E-9FE3-E9FD3C2233F4}.Release|Any CPU.ActiveCfg = Release|Any CPU
		{A471789E-970F-450E-9FE3-E9FD3C2233F4}.Release|Any CPU.Build.0 = Release|Any CPU
		{A471789E-970F-450E-9FE3-E9FD3C2233F4}.Debug|iPhoneSimulator.ActiveCfg = Debug|Any CPU
		{A471789E-970F-450E-9FE3-E9FD3C2233F4}.Debug|iPhoneSimulator.Build.0 = Debug|Any CPU
		{A471789E-970F-450E-9FE3-E9FD3C2233F4}.Release|iPhoneSimulator.ActiveCfg = Release|Any CPU
		{A471789E-970F-450E-9FE3-E9FD3C2233F4}.Release|iPhoneSimulator.Build.0 = Release|Any CPU
		{A471789E-970F-450E-9FE3-E9FD3C2233F4}.Debug|iPhone.ActiveCfg = Debug|Any CPU
		{A471789E-970F-450E-9FE3-E9FD3C2233F4}.Debug|iPhone.Build.0 = Debug|Any CPU
		{A471789E-970F-450E-9FE3-E9FD3C2233F4}.Release|iPhone.ActiveCfg = Release|Any CPU
		{A471789E-970F-450E-9FE3-E9FD3C2233F4}.Release|iPhone.Build.0 = Release|Any CPU
		{A471789E-970F-450E-9FE3-E9FD3C2233F4}.Ad-Hoc|iPhone.ActiveCfg = Debug|Any CPU
		{A471789E-970F-450E-9FE3-E9FD3C2233F4}.Ad-Hoc|iPhone.Build.0 = Debug|Any CPU
		{A471789E-970F-450E-9FE3-E9FD3C2233F4}.AppStore|iPhone.ActiveCfg = Debug|Any CPU
		{A471789E-970F-450E-9FE3-E9FD3C2233F4}.AppStore|iPhone.Build.0 = Debug|Any CPU
		{B4456DF6-6292-401A-BAE9-4A52C307CEE9}.Debug|Any CPU.ActiveCfg = Debug|iPhoneSimulator
		{B4456DF6-6292-401A-BAE9-4A52C307CEE9}.Debug|Any CPU.Build.0 = Debug|iPhoneSimulator
		{B4456DF6-6292-401A-BAE9-4A52C307CEE9}.Release|Any CPU.ActiveCfg = Release|iPhoneSimulator
		{B4456DF6-6292-401A-BAE9-4A52C307CEE9}.Release|Any CPU.Build.0 = Release|iPhoneSimulator
		{B4456DF6-6292-401A-BAE9-4A52C307CEE9}.Debug|iPhoneSimulator.ActiveCfg = Debug|iPhoneSimulator
		{B4456DF6-6292-401A-BAE9-4A52C307CEE9}.Debug|iPhoneSimulator.Build.0 = Debug|iPhoneSimulator
		{B4456DF6-6292-401A-BAE9-4A52C307CEE9}.Release|iPhoneSimulator.ActiveCfg = Release|iPhoneSimulator
		{B4456DF6-6292-401A-BAE9-4A52C307CEE9}.Release|iPhoneSimulator.Build.0 = Release|iPhoneSimulator
		{B4456DF6-6292-401A-BAE9-4A52C307CEE9}.Debug|iPhone.ActiveCfg = Debug|iPhone
		{B4456DF6-6292-401A-BAE9-4A52C307CEE9}.Debug|iPhone.Build.0 = Debug|iPhone
		{B4456DF6-6292-401A-BAE9-4A52C307CEE9}.Release|iPhone.ActiveCfg = Release|iPhone
		{B4456DF6-6292-401A-BAE9-4A52C307CEE9}.Release|iPhone.Build.0 = Release|iPhone
		{B4456DF6-6292-401A-BAE9-4A52C307CEE9}.Ad-Hoc|iPhone.ActiveCfg = Ad-Hoc|iPhone
		{B4456DF6-6292-401A-BAE9-4A52C307CEE9}.Ad-Hoc|iPhone.Build.0 = Ad-Hoc|iPhone
		{B4456DF6-6292-401A-BAE9-4A52C307CEE9}.AppStore|iPhone.ActiveCfg = AppStore|iPhone
		{B4456DF6-6292-401A-BAE9-4A52C307CEE9}.AppStore|iPhone.Build.0 = AppStore|iPhone
		{B0D5AF02-8BAB-4426-8770-21F0FF860FD0}.Debug|Any CPU.ActiveCfg = Debug|Any CPU
		{B0D5AF02-8BAB-4426-8770-21F0FF860FD0}.Debug|Any CPU.Build.0 = Debug|Any CPU
		{B0D5AF02-8BAB-4426-8770-21F0FF860FD0}.Release|Any CPU.ActiveCfg = Release|Any CPU
		{B0D5AF02-8BAB-4426-8770-21F0FF860FD0}.Release|Any CPU.Build.0 = Release|Any CPU
		{B0D5AF02-8BAB-4426-8770-21F0FF860FD0}.Debug|iPhoneSimulator.ActiveCfg = Debug|Any CPU
		{B0D5AF02-8BAB-4426-8770-21F0FF860FD0}.Debug|iPhoneSimulator.Build.0 = Debug|Any CPU
		{B0D5AF02-8BAB-4426-8770-21F0FF860FD0}.Release|iPhoneSimulator.ActiveCfg = Release|Any CPU
		{B0D5AF02-8BAB-4426-8770-21F0FF860FD0}.Release|iPhoneSimulator.Build.0 = Release|Any CPU
		{B0D5AF02-8BAB-4426-8770-21F0FF860FD0}.Debug|iPhone.ActiveCfg = Debug|Any CPU
		{B0D5AF02-8BAB-4426-8770-21F0FF860FD0}.Debug|iPhone.Build.0 = Debug|Any CPU
		{B0D5AF02-8BAB-4426-8770-21F0FF860FD0}.Release|iPhone.ActiveCfg = Release|Any CPU
		{B0D5AF02-8BAB-4426-8770-21F0FF860FD0}.Release|iPhone.Build.0 = Release|Any CPU
		{B0D5AF02-8BAB-4426-8770-21F0FF860FD0}.Ad-Hoc|iPhone.ActiveCfg = Debug|Any CPU
		{B0D5AF02-8BAB-4426-8770-21F0FF860FD0}.Ad-Hoc|iPhone.Build.0 = Debug|Any CPU
		{B0D5AF02-8BAB-4426-8770-21F0FF860FD0}.AppStore|iPhone.ActiveCfg = Debug|Any CPU
		{B0D5AF02-8BAB-4426-8770-21F0FF860FD0}.AppStore|iPhone.Build.0 = Debug|Any CPU
	EndGlobalSection
EndGlobal
